
Microsoft Visual Studio Solution File, Format Version 12.00
# Visual Studio Version 16
VisualStudioVersion = 16.0.30804.86
MinimumVisualStudioVersion = 10.0.40219.1
Project("{8BC9CEB8-8B4A-11D0-8D11-00A0C91BC942}") = "RPI3B_SPI", "DDE_CAN_LIB\RPI3B_SPI\RPI3B_SPI.vcxproj", "{73497E7B-AF7F-4032-8E9A-8408F4A48842}"
EndProject
Project("{8BC9CEB8-8B4A-11D0-8D11-00A0C91BC942}") = "DDE_UAVCAN_DEV_EMUL", "DDE_CAN_LIB\DDE_UAVCAN_DEV_EMUL\DDE_UAVCAN_DEV_EMUL.vcxproj", "{08A4C8B4-0FF4-4091-B26C-E2C1E75988E6}"
EndProject
Project("{8BC9CEB8-8B4A-11D0-8D11-00A0C91BC942}") = "DDE_UAVCAN", "DDE_UAVCAN\DDE_CAN_LIB.vcxproj", "{9DD173CA-94FF-4066-9912-B5ADB7191EC9}"
EndProject
Project("{8BC9CEB8-8B4A-11D0-8D11-00A0C91BC942}") = "DDE_UAVCAN_TB2", "tests\DDE_UAVCAN_TB2\DDE_UAVCAN_TB2.vcxproj", "{837EF329-453A-48D1-A288-98050DF29A09}"
EndProject
Global
	GlobalSection(SolutionConfigurationPlatforms) = preSolution
		Debug|ARM = Debug|ARM
		Debug|ARM64 = Debug|ARM64
		Debug|RPI3B = Debug|RPI3B
		Debug|VMWARE = Debug|VMWARE
		Debug|x64 = Debug|x64
		Debug|x86 = Debug|x86
		Release|ARM = Release|ARM
		Release|ARM64 = Release|ARM64
		Release|RPI3B = Release|RPI3B
		Release|VMWARE = Release|VMWARE
		Release|x64 = Release|x64
		Release|x86 = Release|x86
	EndGlobalSection
	GlobalSection(ProjectConfigurationPlatforms) = postSolution
		{73497E7B-AF7F-4032-8E9A-8408F4A48842}.Debug|ARM.ActiveCfg = Debug|ARM
		{73497E7B-AF7F-4032-8E9A-8408F4A48842}.Debug|ARM.Build.0 = Debug|ARM
		{73497E7B-AF7F-4032-8E9A-8408F4A48842}.Debug|ARM.Deploy.0 = Debug|ARM
		{73497E7B-AF7F-4032-8E9A-8408F4A48842}.Debug|ARM64.ActiveCfg = Debug|ARM64
		{73497E7B-AF7F-4032-8E9A-8408F4A48842}.Debug|ARM64.Build.0 = Debug|ARM64
		{73497E7B-AF7F-4032-8E9A-8408F4A48842}.Debug|ARM64.Deploy.0 = Debug|ARM64
		{73497E7B-AF7F-4032-8E9A-8408F4A48842}.Debug|RPI3B.ActiveCfg = Debug|ARM
		{73497E7B-AF7F-4032-8E9A-8408F4A48842}.Debug|VMWARE.ActiveCfg = Debug|x64
		{73497E7B-AF7F-4032-8E9A-8408F4A48842}.Debug|VMWARE.Build.0 = Debug|x64
		{73497E7B-AF7F-4032-8E9A-8408F4A48842}.Debug|VMWARE.Deploy.0 = Debug|x64
		{73497E7B-AF7F-4032-8E9A-8408F4A48842}.Debug|x64.ActiveCfg = Debug|x64
		{73497E7B-AF7F-4032-8E9A-8408F4A48842}.Debug|x64.Build.0 = Debug|x64
		{73497E7B-AF7F-4032-8E9A-8408F4A48842}.Debug|x64.Deploy.0 = Debug|x64
		{73497E7B-AF7F-4032-8E9A-8408F4A48842}.Debug|x86.ActiveCfg = Debug|x86
		{73497E7B-AF7F-4032-8E9A-8408F4A48842}.Debug|x86.Build.0 = Debug|x86
		{73497E7B-AF7F-4032-8E9A-8408F4A48842}.Debug|x86.Deploy.0 = Debug|x86
		{73497E7B-AF7F-4032-8E9A-8408F4A48842}.Release|ARM.ActiveCfg = Release|ARM
		{73497E7B-AF7F-4032-8E9A-8408F4A48842}.Release|ARM.Build.0 = Release|ARM
		{73497E7B-AF7F-4032-8E9A-8408F4A48842}.Release|ARM.Deploy.0 = Release|ARM
		{73497E7B-AF7F-4032-8E9A-8408F4A48842}.Release|ARM64.ActiveCfg = Release|ARM64
		{73497E7B-AF7F-4032-8E9A-8408F4A48842}.Release|ARM64.Build.0 = Release|ARM64
		{73497E7B-AF7F-4032-8E9A-8408F4A48842}.Release|ARM64.Deploy.0 = Release|ARM64
		{73497E7B-AF7F-4032-8E9A-8408F4A48842}.Release|RPI3B.ActiveCfg = Release|ARM
		{73497E7B-AF7F-4032-8E9A-8408F4A48842}.Release|RPI3B.Build.0 = Release|ARM
		{73497E7B-AF7F-4032-8E9A-8408F4A48842}.Release|RPI3B.Deploy.0 = Release|ARM
		{73497E7B-AF7F-4032-8E9A-8408F4A48842}.Release|VMWARE.ActiveCfg = Release|x64
		{73497E7B-AF7F-4032-8E9A-8408F4A48842}.Release|VMWARE.Build.0 = Release|x64
		{73497E7B-AF7F-4032-8E9A-8408F4A48842}.Release|VMWARE.Deploy.0 = Release|x64
		{73497E7B-AF7F-4032-8E9A-8408F4A48842}.Release|x64.ActiveCfg = Release|x64
		{73497E7B-AF7F-4032-8E9A-8408F4A48842}.Release|x64.Build.0 = Release|x64
		{73497E7B-AF7F-4032-8E9A-8408F4A48842}.Release|x64.Deploy.0 = Release|x64
		{73497E7B-AF7F-4032-8E9A-8408F4A48842}.Release|x86.ActiveCfg = Release|x86
		{73497E7B-AF7F-4032-8E9A-8408F4A48842}.Release|x86.Build.0 = Release|x86
		{73497E7B-AF7F-4032-8E9A-8408F4A48842}.Release|x86.Deploy.0 = Release|x86
		{08A4C8B4-0FF4-4091-B26C-E2C1E75988E6}.Debug|ARM.ActiveCfg = Debug|ARM
		{08A4C8B4-0FF4-4091-B26C-E2C1E75988E6}.Debug|ARM.Build.0 = Debug|ARM
		{08A4C8B4-0FF4-4091-B26C-E2C1E75988E6}.Debug|ARM.Deploy.0 = Debug|ARM
		{08A4C8B4-0FF4-4091-B26C-E2C1E75988E6}.Debug|ARM64.ActiveCfg = Debug|ARM64
		{08A4C8B4-0FF4-4091-B26C-E2C1E75988E6}.Debug|ARM64.Build.0 = Debug|ARM64
		{08A4C8B4-0FF4-4091-B26C-E2C1E75988E6}.Debug|ARM64.Deploy.0 = Debug|ARM64
		{08A4C8B4-0FF4-4091-B26C-E2C1E75988E6}.Debug|RPI3B.ActiveCfg = Debug|ARM
		{08A4C8B4-0FF4-4091-B26C-E2C1E75988E6}.Debug|VMWARE.ActiveCfg = Debug|x64
		{08A4C8B4-0FF4-4091-B26C-E2C1E75988E6}.Debug|VMWARE.Build.0 = Debug|x64
		{08A4C8B4-0FF4-4091-B26C-E2C1E75988E6}.Debug|VMWARE.Deploy.0 = Debug|x64
		{08A4C8B4-0FF4-4091-B26C-E2C1E75988E6}.Debug|x64.ActiveCfg = Debug|x64
		{08A4C8B4-0FF4-4091-B26C-E2C1E75988E6}.Debug|x64.Build.0 = Debug|x64
		{08A4C8B4-0FF4-4091-B26C-E2C1E75988E6}.Debug|x64.Deploy.0 = Debug|x64
		{08A4C8B4-0FF4-4091-B26C-E2C1E75988E6}.Debug|x86.ActiveCfg = Debug|x86
		{08A4C8B4-0FF4-4091-B26C-E2C1E75988E6}.Debug|x86.Build.0 = Debug|x86
		{08A4C8B4-0FF4-4091-B26C-E2C1E75988E6}.Debug|x86.Deploy.0 = Debug|x86
		{08A4C8B4-0FF4-4091-B26C-E2C1E75988E6}.Release|ARM.ActiveCfg = Release|ARM
		{08A4C8B4-0FF4-4091-B26C-E2C1E75988E6}.Release|ARM.Build.0 = Release|ARM
		{08A4C8B4-0FF4-4091-B26C-E2C1E75988E6}.Release|ARM.Deploy.0 = Release|ARM
		{08A4C8B4-0FF4-4091-B26C-E2C1E75988E6}.Release|ARM64.ActiveCfg = Release|ARM64
		{08A4C8B4-0FF4-4091-B26C-E2C1E75988E6}.Release|ARM64.Build.0 = Release|ARM64
		{08A4C8B4-0FF4-4091-B26C-E2C1E75988E6}.Release|ARM64.Deploy.0 = Release|ARM64
		{08A4C8B4-0FF4-4091-B26C-E2C1E75988E6}.Release|RPI3B.ActiveCfg = Release|ARM
		{08A4C8B4-0FF4-4091-B26C-E2C1E75988E6}.Release|RPI3B.Build.0 = Release|ARM
		{08A4C8B4-0FF4-4091-B26C-E2C1E75988E6}.Release|RPI3B.Deploy.0 = Release|ARM
		{08A4C8B4-0FF4-4091-B26C-E2C1E75988E6}.Release|VMWARE.ActiveCfg = Release|x64
		{08A4C8B4-0FF4-4091-B26C-E2C1E75988E6}.Release|VMWARE.Build.0 = Release|x64
		{08A4C8B4-0FF4-4091-B26C-E2C1E75988E6}.Release|VMWARE.Deploy.0 = Release|x64
		{08A4C8B4-0FF4-4091-B26C-E2C1E75988E6}.Release|x64.ActiveCfg = Release|x64
		{08A4C8B4-0FF4-4091-B26C-E2C1E75988E6}.Release|x64.Build.0 = Release|x64
		{08A4C8B4-0FF4-4091-B26C-E2C1E75988E6}.Release|x64.Deploy.0 = Release|x64
		{08A4C8B4-0FF4-4091-B26C-E2C1E75988E6}.Release|x86.ActiveCfg = Release|x86
		{08A4C8B4-0FF4-4091-B26C-E2C1E75988E6}.Release|x86.Build.0 = Release|x86
		{08A4C8B4-0FF4-4091-B26C-E2C1E75988E6}.Release|x86.Deploy.0 = Release|x86
		{9DD173CA-94FF-4066-9912-B5ADB7191EC9}.Debug|ARM.ActiveCfg = Debug|ARM
		{9DD173CA-94FF-4066-9912-B5ADB7191EC9}.Debug|ARM.Build.0 = Debug|ARM
		{9DD173CA-94FF-4066-9912-B5ADB7191EC9}.Debug|ARM.Deploy.0 = Debug|ARM
		{9DD173CA-94FF-4066-9912-B5ADB7191EC9}.Debug|ARM64.ActiveCfg = Debug|ARM64
		{9DD173CA-94FF-4066-9912-B5ADB7191EC9}.Debug|ARM64.Build.0 = Debug|ARM64
		{9DD173CA-94FF-4066-9912-B5ADB7191EC9}.Debug|ARM64.Deploy.0 = Debug|ARM64
		{9DD173CA-94FF-4066-9912-B5ADB7191EC9}.Debug|RPI3B.ActiveCfg = Debug|ARM
		{9DD173CA-94FF-4066-9912-B5ADB7191EC9}.Debug|VMWARE.ActiveCfg = Debug|x86
		{9DD173CA-94FF-4066-9912-B5ADB7191EC9}.Debug|x64.ActiveCfg = Debug|x64
		{9DD173CA-94FF-4066-9912-B5ADB7191EC9}.Debug|x64.Build.0 = Debug|x64
		{9DD173CA-94FF-4066-9912-B5ADB7191EC9}.Debug|x64.Deploy.0 = Debug|x64
		{9DD173CA-94FF-4066-9912-B5ADB7191EC9}.Debug|x86.ActiveCfg = Debug|x86
		{9DD173CA-94FF-4066-9912-B5ADB7191EC9}.Debug|x86.Build.0 = Debug|x86
		{9DD173CA-94FF-4066-9912-B5ADB7191EC9}.Debug|x86.Deploy.0 = Debug|x86
		{9DD173CA-94FF-4066-9912-B5ADB7191EC9}.Release|ARM.ActiveCfg = Release|ARM
		{9DD173CA-94FF-4066-9912-B5ADB7191EC9}.Release|ARM.Build.0 = Release|ARM
		{9DD173CA-94FF-4066-9912-B5ADB7191EC9}.Release|ARM.Deploy.0 = Release|ARM
		{9DD173CA-94FF-4066-9912-B5ADB7191EC9}.Release|ARM64.ActiveCfg = Release|ARM64
		{9DD173CA-94FF-4066-9912-B5ADB7191EC9}.Release|ARM64.Build.0 = Release|ARM64
		{9DD173CA-94FF-4066-9912-B5ADB7191EC9}.Release|ARM64.Deploy.0 = Release|ARM64
		{9DD173CA-94FF-4066-9912-B5ADB7191EC9}.Release|RPI3B.ActiveCfg = Release|x86
		{9DD173CA-94FF-4066-9912-B5ADB7191EC9}.Release|VMWARE.ActiveCfg = Release|x86
		{9DD173CA-94FF-4066-9912-B5ADB7191EC9}.Release|x64.ActiveCfg = Release|x64
		{9DD173CA-94FF-4066-9912-B5ADB7191EC9}.Release|x64.Build.0 = Release|x64
		{9DD173CA-94FF-4066-9912-B5ADB7191EC9}.Release|x64.Deploy.0 = Release|x64
		{9DD173CA-94FF-4066-9912-B5ADB7191EC9}.Release|x86.ActiveCfg = Release|x86
		{9DD173CA-94FF-4066-9912-B5ADB7191EC9}.Release|x86.Build.0 = Release|x86
		{9DD173CA-94FF-4066-9912-B5ADB7191EC9}.Release|x86.Deploy.0 = Release|x86
		{837EF329-453A-48D1-A288-98050DF29A09}.Debug|ARM.ActiveCfg = Debug|ARM
		{837EF329-453A-48D1-A288-98050DF29A09}.Debug|ARM.Build.0 = Debug|ARM
		{837EF329-453A-48D1-A288-98050DF29A09}.Debug|ARM.Deploy.0 = Debug|ARM
		{837EF329-453A-48D1-A288-98050DF29A09}.Debug|ARM64.ActiveCfg = Debug|ARM64
		{837EF329-453A-48D1-A288-98050DF29A09}.Debug|ARM64.Build.0 = Debug|ARM64
		{837EF329-453A-48D1-A288-98050DF29A09}.Debug|ARM64.Deploy.0 = Debug|ARM64
		{837EF329-453A-48D1-A288-98050DF29A09}.Debug|RPI3B.ActiveCfg = Debug|ARM
		{837EF329-453A-48D1-A288-98050DF29A09}.Debug|VMWARE.ActiveCfg = Debug|x86
		{837EF329-453A-48D1-A288-98050DF29A09}.Debug|x64.ActiveCfg = Debug|x64
		{837EF329-453A-48D1-A288-98050DF29A09}.Debug|x64.Build.0 = Debug|x64
		{837EF329-453A-48D1-A288-98050DF29A09}.Debug|x64.Deploy.0 = Debug|x64
		{837EF329-453A-48D1-A288-98050DF29A09}.Debug|x86.ActiveCfg = Debug|x86
		{837EF329-453A-48D1-A288-98050DF29A09}.Debug|x86.Build.0 = Debug|x86
		{837EF329-453A-48D1-A288-98050DF29A09}.Debug|x86.Deploy.0 = Debug|x86
		{837EF329-453A-48D1-A288-98050DF29A09}.Release|ARM.ActiveCfg = Release|ARM
		{837EF329-453A-48D1-A288-98050DF29A09}.Release|ARM.Build.0 = Release|ARM
		{837EF329-453A-48D1-A288-98050DF29A09}.Release|ARM.Deploy.0 = Release|ARM
		{837EF329-453A-48D1-A288-98050DF29A09}.Release|ARM64.ActiveCfg = Release|ARM64
		{837EF329-453A-48D1-A288-98050DF29A09}.Release|ARM64.Build.0 = Release|ARM64
		{837EF329-453A-48D1-A288-98050DF29A09}.Release|ARM64.Deploy.0 = Release|ARM64
		{837EF329-453A-48D1-A288-98050DF29A09}.Release|RPI3B.ActiveCfg = Release|x86
		{837EF329-453A-48D1-A288-98050DF29A09}.Release|VMWARE.ActiveCfg = Release|x86
		{837EF329-453A-48D1-A288-98050DF29A09}.Release|x64.ActiveCfg = Release|x64
		{837EF329-453A-48D1-A288-98050DF29A09}.Release|x64.Build.0 = Release|x64
		{837EF329-453A-48D1-A288-98050DF29A09}.Release|x64.Deploy.0 = Release|x64
		{837EF329-453A-48D1-A288-98050DF29A09}.Release|x86.ActiveCfg = Release|x86
		{837EF329-453A-48D1-A288-98050DF29A09}.Release|x86.Build.0 = Release|x86
		{837EF329-453A-48D1-A288-98050DF29A09}.Release|x86.Deploy.0 = Release|x86
	EndGlobalSection
	GlobalSection(SolutionProperties) = preSolution
		HideSolutionNode = FALSE
	EndGlobalSection
	GlobalSection(ExtensibilityGlobals) = postSolution
		SolutionGuid = {F1005CBD-0498-4B48-9584-C6DD02B6CB6F}
	EndGlobalSection
EndGlobal
