
Microsoft Visual Studio Solution File, Format Version 12.00
# Visual Studio Version 16
VisualStudioVersion = 16.0.30804.86
MinimumVisualStudioVersion = 10.0.40219.1
Project("{8BC9CEB8-8B4A-11D0-8D11-00A0C91BC942}") = "DDE_UAVCAN_TB2", "tests\DDE_UAVCAN_TB2\DDE_UAVCAN_TB2.vcxproj", "{837EF329-453A-48D1-A288-98050DF29A09}"
EndProject
Project("{8BC9CEB8-8B4A-11D0-8D11-00A0C91BC942}") = "ipcmem_lib", "utils\IPCmemLib\ipcmem_lib.vcxproj", "{852D6155-D80A-40AF-BDE3-6ECA23D7459D}"
EndProject
Project("{8BC9CEB8-8B4A-11D0-8D11-00A0C91BC942}") = "DDE_UAVCAN", "DDE_UAVCAN\DDE_UAVCAN.vcxproj", "{9DD173CA-94FF-4066-9912-B5ADB7191EC9}"
	ProjectSection(ProjectDependencies) = postProject
		{852D6155-D80A-40AF-BDE3-6ECA23D7459D} = {852D6155-D80A-40AF-BDE3-6ECA23D7459D}
	EndProjectSection
EndProject
Project("{8BC9CEB8-8B4A-11D0-8D11-00A0C91BC942}") = "sqlite3_lib", "utils\SQLite3Lib\sqlite3_lib.vcxproj", "{4E2D4827-88C4-4E8F-8F48-8A93AD84F0CF}"
EndProject
Global
	GlobalSection(SolutionConfigurationPlatforms) = preSolution
		Debug|ARM = Debug|ARM
		Debug|ARM64 = Debug|ARM64
		Debug|RPI3B = Debug|RPI3B
		Debug|VMWARE = Debug|VMWARE
		Debug|x64 = Debug|x64
		Debug|x86 = Debug|x86
		Release|ARM = Release|ARM
		Release|ARM64 = Release|ARM64
		Release|RPI3B = Release|RPI3B
		Release|VMWARE = Release|VMWARE
		Release|x64 = Release|x64
		Release|x86 = Release|x86
	EndGlobalSection
	GlobalSection(ProjectConfigurationPlatforms) = postSolution
		{837EF329-453A-48D1-A288-98050DF29A09}.Debug|ARM.ActiveCfg = Debug|ARM
		{837EF329-453A-48D1-A288-98050DF29A09}.Debug|ARM.Build.0 = Debug|ARM
		{837EF329-453A-48D1-A288-98050DF29A09}.Debug|ARM.Deploy.0 = Debug|ARM
		{837EF329-453A-48D1-A288-98050DF29A09}.Debug|ARM64.ActiveCfg = Debug|ARM64
		{837EF329-453A-48D1-A288-98050DF29A09}.Debug|ARM64.Build.0 = Debug|ARM64
		{837EF329-453A-48D1-A288-98050DF29A09}.Debug|ARM64.Deploy.0 = Debug|ARM64
		{837EF329-453A-48D1-A288-98050DF29A09}.Debug|RPI3B.ActiveCfg = Debug|ARM
		{837EF329-453A-48D1-A288-98050DF29A09}.Debug|VMWARE.ActiveCfg = Debug|x64
		{837EF329-453A-48D1-A288-98050DF29A09}.Debug|x64.ActiveCfg = Debug|x64
		{837EF329-453A-48D1-A288-98050DF29A09}.Debug|x64.Build.0 = Debug|x64
		{837EF329-453A-48D1-A288-98050DF29A09}.Debug|x64.Deploy.0 = Debug|x64
		{837EF329-453A-48D1-A288-98050DF29A09}.Debug|x86.ActiveCfg = Debug|x86
		{837EF329-453A-48D1-A288-98050DF29A09}.Debug|x86.Build.0 = Debug|x86
		{837EF329-453A-48D1-A288-98050DF29A09}.Debug|x86.Deploy.0 = Debug|x86
		{837EF329-453A-48D1-A288-98050DF29A09}.Release|ARM.ActiveCfg = Release|ARM
		{837EF329-453A-48D1-A288-98050DF29A09}.Release|ARM.Build.0 = Release|ARM
		{837EF329-453A-48D1-A288-98050DF29A09}.Release|ARM.Deploy.0 = Release|ARM
		{837EF329-453A-48D1-A288-98050DF29A09}.Release|ARM64.ActiveCfg = Release|ARM64
		{837EF329-453A-48D1-A288-98050DF29A09}.Release|ARM64.Build.0 = Release|ARM64
		{837EF329-453A-48D1-A288-98050DF29A09}.Release|ARM64.Deploy.0 = Release|ARM64
		{837EF329-453A-48D1-A288-98050DF29A09}.Release|RPI3B.ActiveCfg = Release|x86
		{837EF329-453A-48D1-A288-98050DF29A09}.Release|VMWARE.ActiveCfg = Release|x86
		{837EF329-453A-48D1-A288-98050DF29A09}.Release|x64.ActiveCfg = Release|x64
		{837EF329-453A-48D1-A288-98050DF29A09}.Release|x64.Build.0 = Release|x64
		{837EF329-453A-48D1-A288-98050DF29A09}.Release|x64.Deploy.0 = Release|x64
		{837EF329-453A-48D1-A288-98050DF29A09}.Release|x86.ActiveCfg = Release|x86
		{837EF329-453A-48D1-A288-98050DF29A09}.Release|x86.Build.0 = Release|x86
		{837EF329-453A-48D1-A288-98050DF29A09}.Release|x86.Deploy.0 = Release|x86
		{852D6155-D80A-40AF-BDE3-6ECA23D7459D}.Debug|ARM.ActiveCfg = Debug|ARM
		{852D6155-D80A-40AF-BDE3-6ECA23D7459D}.Debug|ARM.Build.0 = Debug|ARM
		{852D6155-D80A-40AF-BDE3-6ECA23D7459D}.Debug|ARM.Deploy.0 = Debug|ARM
		{852D6155-D80A-40AF-BDE3-6ECA23D7459D}.Debug|ARM64.ActiveCfg = Debug|ARM64
		{852D6155-D80A-40AF-BDE3-6ECA23D7459D}.Debug|ARM64.Build.0 = Debug|ARM64
		{852D6155-D80A-40AF-BDE3-6ECA23D7459D}.Debug|ARM64.Deploy.0 = Debug|ARM64
		{852D6155-D80A-40AF-BDE3-6ECA23D7459D}.Debug|RPI3B.ActiveCfg = Debug|ARM
		{852D6155-D80A-40AF-BDE3-6ECA23D7459D}.Debug|RPI3B.Build.0 = Debug|ARM
		{852D6155-D80A-40AF-BDE3-6ECA23D7459D}.Debug|RPI3B.Deploy.0 = Debug|ARM
		{852D6155-D80A-40AF-BDE3-6ECA23D7459D}.Debug|VMWARE.ActiveCfg = Debug|x64
		{852D6155-D80A-40AF-BDE3-6ECA23D7459D}.Debug|VMWARE.Build.0 = Debug|x64
		{852D6155-D80A-40AF-BDE3-6ECA23D7459D}.Debug|VMWARE.Deploy.0 = Debug|x64
		{852D6155-D80A-40AF-BDE3-6ECA23D7459D}.Debug|x64.ActiveCfg = Debug|x64
		{852D6155-D80A-40AF-BDE3-6ECA23D7459D}.Debug|x64.Build.0 = Debug|x64
		{852D6155-D80A-40AF-BDE3-6ECA23D7459D}.Debug|x64.Deploy.0 = Debug|x64
		{852D6155-D80A-40AF-BDE3-6ECA23D7459D}.Debug|x86.ActiveCfg = Debug|x86
		{852D6155-D80A-40AF-BDE3-6ECA23D7459D}.Debug|x86.Build.0 = Debug|x86
		{852D6155-D80A-40AF-BDE3-6ECA23D7459D}.Debug|x86.Deploy.0 = Debug|x86
		{852D6155-D80A-40AF-BDE3-6ECA23D7459D}.Release|ARM.ActiveCfg = Release|ARM
		{852D6155-D80A-40AF-BDE3-6ECA23D7459D}.Release|ARM.Build.0 = Release|ARM
		{852D6155-D80A-40AF-BDE3-6ECA23D7459D}.Release|ARM.Deploy.0 = Release|ARM
		{852D6155-D80A-40AF-BDE3-6ECA23D7459D}.Release|ARM64.ActiveCfg = Release|ARM64
		{852D6155-D80A-40AF-BDE3-6ECA23D7459D}.Release|ARM64.Build.0 = Release|ARM64
		{852D6155-D80A-40AF-BDE3-6ECA23D7459D}.Release|ARM64.Deploy.0 = Release|ARM64
		{852D6155-D80A-40AF-BDE3-6ECA23D7459D}.Release|RPI3B.ActiveCfg = Release|x86
		{852D6155-D80A-40AF-BDE3-6ECA23D7459D}.Release|VMWARE.ActiveCfg = Release|x86
		{852D6155-D80A-40AF-BDE3-6ECA23D7459D}.Release|x64.ActiveCfg = Release|x64
		{852D6155-D80A-40AF-BDE3-6ECA23D7459D}.Release|x64.Build.0 = Release|x64
		{852D6155-D80A-40AF-BDE3-6ECA23D7459D}.Release|x64.Deploy.0 = Release|x64
		{852D6155-D80A-40AF-BDE3-6ECA23D7459D}.Release|x86.ActiveCfg = Release|x86
		{852D6155-D80A-40AF-BDE3-6ECA23D7459D}.Release|x86.Build.0 = Release|x86
		{852D6155-D80A-40AF-BDE3-6ECA23D7459D}.Release|x86.Deploy.0 = Release|x86
		{9DD173CA-94FF-4066-9912-B5ADB7191EC9}.Debug|ARM.ActiveCfg = Debug|ARM
		{9DD173CA-94FF-4066-9912-B5ADB7191EC9}.Debug|ARM.Build.0 = Debug|ARM
		{9DD173CA-94FF-4066-9912-B5ADB7191EC9}.Debug|ARM.Deploy.0 = Debug|ARM
		{9DD173CA-94FF-4066-9912-B5ADB7191EC9}.Debug|ARM64.ActiveCfg = Debug|ARM64
		{9DD173CA-94FF-4066-9912-B5ADB7191EC9}.Debug|ARM64.Build.0 = Debug|ARM64
		{9DD173CA-94FF-4066-9912-B5ADB7191EC9}.Debug|ARM64.Deploy.0 = Debug|ARM64
		{9DD173CA-94FF-4066-9912-B5ADB7191EC9}.Debug|RPI3B.ActiveCfg = Debug|ARM
		{9DD173CA-94FF-4066-9912-B5ADB7191EC9}.Debug|VMWARE.ActiveCfg = Debug|x64
		{9DD173CA-94FF-4066-9912-B5ADB7191EC9}.Debug|x64.ActiveCfg = Debug|x64
		{9DD173CA-94FF-4066-9912-B5ADB7191EC9}.Debug|x64.Build.0 = Debug|x64
		{9DD173CA-94FF-4066-9912-B5ADB7191EC9}.Debug|x64.Deploy.0 = Debug|x64
		{9DD173CA-94FF-4066-9912-B5ADB7191EC9}.Debug|x86.ActiveCfg = Debug|x86
		{9DD173CA-94FF-4066-9912-B5ADB7191EC9}.Debug|x86.Build.0 = Debug|x86
		{9DD173CA-94FF-4066-9912-B5ADB7191EC9}.Debug|x86.Deploy.0 = Debug|x86
		{9DD173CA-94FF-4066-9912-B5ADB7191EC9}.Release|ARM.ActiveCfg = Release|ARM
		{9DD173CA-94FF-4066-9912-B5ADB7191EC9}.Release|ARM.Build.0 = Release|ARM
		{9DD173CA-94FF-4066-9912-B5ADB7191EC9}.Release|ARM.Deploy.0 = Release|ARM
		{9DD173CA-94FF-4066-9912-B5ADB7191EC9}.Release|ARM64.ActiveCfg = Release|ARM64
		{9DD173CA-94FF-4066-9912-B5ADB7191EC9}.Release|ARM64.Build.0 = Release|ARM64
		{9DD173CA-94FF-4066-9912-B5ADB7191EC9}.Release|ARM64.Deploy.0 = Release|ARM64
		{9DD173CA-94FF-4066-9912-B5ADB7191EC9}.Release|RPI3B.ActiveCfg = Release|x86
		{9DD173CA-94FF-4066-9912-B5ADB7191EC9}.Release|VMWARE.ActiveCfg = Release|x86
		{9DD173CA-94FF-4066-9912-B5ADB7191EC9}.Release|x64.ActiveCfg = Release|x64
		{9DD173CA-94FF-4066-9912-B5ADB7191EC9}.Release|x64.Build.0 = Release|x64
		{9DD173CA-94FF-4066-9912-B5ADB7191EC9}.Release|x64.Deploy.0 = Release|x64
		{9DD173CA-94FF-4066-9912-B5ADB7191EC9}.Release|x86.ActiveCfg = Release|x86
		{9DD173CA-94FF-4066-9912-B5ADB7191EC9}.Release|x86.Build.0 = Release|x86
		{9DD173CA-94FF-4066-9912-B5ADB7191EC9}.Release|x86.Deploy.0 = Release|x86
		{4E2D4827-88C4-4E8F-8F48-8A93AD84F0CF}.Debug|ARM.ActiveCfg = Debug|ARM
		{4E2D4827-88C4-4E8F-8F48-8A93AD84F0CF}.Debug|ARM.Build.0 = Debug|ARM
		{4E2D4827-88C4-4E8F-8F48-8A93AD84F0CF}.Debug|ARM.Deploy.0 = Debug|ARM
		{4E2D4827-88C4-4E8F-8F48-8A93AD84F0CF}.Debug|ARM64.ActiveCfg = Debug|ARM64
		{4E2D4827-88C4-4E8F-8F48-8A93AD84F0CF}.Debug|ARM64.Build.0 = Debug|ARM64
		{4E2D4827-88C4-4E8F-8F48-8A93AD84F0CF}.Debug|ARM64.Deploy.0 = Debug|ARM64
		{4E2D4827-88C4-4E8F-8F48-8A93AD84F0CF}.Debug|RPI3B.ActiveCfg = Debug|ARM
		{4E2D4827-88C4-4E8F-8F48-8A93AD84F0CF}.Debug|VMWARE.ActiveCfg = Debug|x64
		{4E2D4827-88C4-4E8F-8F48-8A93AD84F0CF}.Debug|x64.ActiveCfg = Debug|x64
		{4E2D4827-88C4-4E8F-8F48-8A93AD84F0CF}.Debug|x64.Build.0 = Debug|x64
		{4E2D4827-88C4-4E8F-8F48-8A93AD84F0CF}.Debug|x64.Deploy.0 = Debug|x64
		{4E2D4827-88C4-4E8F-8F48-8A93AD84F0CF}.Debug|x86.ActiveCfg = Debug|x86
		{4E2D4827-88C4-4E8F-8F48-8A93AD84F0CF}.Debug|x86.Build.0 = Debug|x86
		{4E2D4827-88C4-4E8F-8F48-8A93AD84F0CF}.Debug|x86.Deploy.0 = Debug|x86
		{4E2D4827-88C4-4E8F-8F48-8A93AD84F0CF}.Release|ARM.ActiveCfg = Release|ARM
		{4E2D4827-88C4-4E8F-8F48-8A93AD84F0CF}.Release|ARM.Build.0 = Release|ARM
		{4E2D4827-88C4-4E8F-8F48-8A93AD84F0CF}.Release|ARM.Deploy.0 = Release|ARM
		{4E2D4827-88C4-4E8F-8F48-8A93AD84F0CF}.Release|ARM64.ActiveCfg = Release|ARM64
		{4E2D4827-88C4-4E8F-8F48-8A93AD84F0CF}.Release|ARM64.Build.0 = Release|ARM64
		{4E2D4827-88C4-4E8F-8F48-8A93AD84F0CF}.Release|ARM64.Deploy.0 = Release|ARM64
		{4E2D4827-88C4-4E8F-8F48-8A93AD84F0CF}.Release|RPI3B.ActiveCfg = Release|x86
		{4E2D4827-88C4-4E8F-8F48-8A93AD84F0CF}.Release|VMWARE.ActiveCfg = Release|x86
		{4E2D4827-88C4-4E8F-8F48-8A93AD84F0CF}.Release|x64.ActiveCfg = Release|x64
		{4E2D4827-88C4-4E8F-8F48-8A93AD84F0CF}.Release|x64.Build.0 = Release|x64
		{4E2D4827-88C4-4E8F-8F48-8A93AD84F0CF}.Release|x64.Deploy.0 = Release|x64
		{4E2D4827-88C4-4E8F-8F48-8A93AD84F0CF}.Release|x86.ActiveCfg = Release|x86
		{4E2D4827-88C4-4E8F-8F48-8A93AD84F0CF}.Release|x86.Build.0 = Release|x86
		{4E2D4827-88C4-4E8F-8F48-8A93AD84F0CF}.Release|x86.Deploy.0 = Release|x86
	EndGlobalSection
	GlobalSection(SolutionProperties) = preSolution
		HideSolutionNode = FALSE
	EndGlobalSection
	GlobalSection(ExtensibilityGlobals) = postSolution
		SolutionGuid = {F1005CBD-0498-4B48-9584-C6DD02B6CB6F}
	EndGlobalSection
EndGlobal
