<?xml version="1.0" encoding="utf-8"?>
<Project ToolsVersion="4.0" xmlns="http://schemas.microsoft.com/developer/msbuild/2003">
  <ItemGroup>
    <ClCompile Include="shell.c" />
    <ClCompile Include="sqlite3.c" />
    <ClCompile Include="sqlite3_lib.cpp" />
    <ClCompile Include="..\..\DDE_UAVCAN\gabbi4ci-srv_cli-modbus\func.c">
      <Filter>AN</Filter>
    </ClCompile>
    <ClCompile Include="..\..\DDE_UAVCAN\gabbi4ci-srv_cli-modbus\sql3lib.c">
      <Filter>AN</Filter>
    </ClCompile>
  </ItemGroup>
  <ItemGroup>
    <ClInclude Include="sqlite3.h" />
    <ClInclude Include="sqlite3ext.h" />
    <ClInclude Include="sqlite3_lib.h" />
    <ClInclude Include="..\..\DDE\DDE.h">
      <Filter>DDE</Filter>
    </ClInclude>
    <ClInclude Include="..\..\DDE\DDE_EVLOG.h">
      <Filter>DDE</Filter>
    </ClInclude>
    <ClInclude Include="..\..\DDE\DDE_EVLOG_TYPES.h">
      <Filter>DDE</Filter>
    </ClInclude>
    <ClInclude Include="..\..\DDE\DDE_OSC.h">
      <Filter>DDE</Filter>
    </ClInclude>
    <ClInclude Include="..\..\DDE\DDE_OSC_EMUL.h">
      <Filter>DDE</Filter>
    </ClInclude>
    <ClInclude Include="..\..\DDE\DDE_OSC_FILE.h">
      <Filter>DDE</Filter>
    </ClInclude>
    <ClInclude Include="..\..\DDE\DDE_OSC_TYPES.h">
      <Filter>DDE</Filter>
    </ClInclude>
    <ClInclude Include="..\..\DDE\DDE_PARAMS.h">
      <Filter>DDE</Filter>
    </ClInclude>
    <ClInclude Include="..\..\DDE\DDE_PARAMS_EMUL.h">
      <Filter>DDE</Filter>
    </ClInclude>
    <ClInclude Include="..\..\DDE\DDE_PARAMS_FILE.h">
      <Filter>DDE</Filter>
    </ClInclude>
    <ClInclude Include="..\..\DDE\DDE_PARAMS_TYPE.h">
      <Filter>DDE</Filter>
    </ClInclude>
    <ClInclude Include="..\..\DDE\DDE_TYPES.h">
      <Filter>DDE</Filter>
    </ClInclude>
    <ClInclude Include="..\..\DDE_UAVCAN\gabbi4ci-srv_cli-modbus\func.h">
      <Filter>AN</Filter>
    </ClInclude>
    <ClInclude Include="..\..\DDE_UAVCAN\gabbi4ci-srv_cli-modbus\inc.h">
      <Filter>AN</Filter>
    </ClInclude>
    <ClInclude Include="..\..\DDE_UAVCAN\gabbi4ci-srv_cli-modbus\sql3lib.h">
      <Filter>AN</Filter>
    </ClInclude>
  </ItemGroup>
  <ItemGroup>
    <Filter Include="DDE">
      <UniqueIdentifier>{bfd24963-be93-4408-958b-163f5965453d}</UniqueIdentifier>
    </Filter>
    <Filter Include="AN">
      <UniqueIdentifier>{8a3f4396-e179-49b1-ac90-ea993be306e0}</UniqueIdentifier>
    </Filter>
  </ItemGroup>
</Project>