<?xml version="1.0" encoding="utf-8"?>
<Project ToolsVersion="4.0" xmlns="http://schemas.microsoft.com/developer/msbuild/2003">
  <ItemGroup>
    <ClCompile Include="main.cpp" />
    <ClCompile Include="..\..\DDE\DDE.cpp">
      <Filter>DDE</Filter>
    </ClCompile>
    <ClCompile Include="..\..\DDE\DDE_PARAMS.cpp">
      <Filter>DDE</Filter>
    </ClCompile>
    <ClCompile Include="..\..\utils\IPCmemLib\ipcmem.c">
      <Filter>utils</Filter>
    </ClCompile>
    <ClCompile Include="..\..\utils\IPCmemLib\ipcmem_lib.cpp">
      <Filter>utils</Filter>
    </ClCompile>
    <ClCompile Include="..\..\utils\clogs\func.c">
      <Filter>utils</Filter>
    </ClCompile>
  </ItemGroup>
  <ItemGroup>
    <Filter Include="DDE">
      <UniqueIdentifier>{d0345ba8-0f5d-43e1-9343-a6fe9c72b78e}</UniqueIdentifier>
    </Filter>
    <Filter Include="utils">
      <UniqueIdentifier>{bcf73d91-0743-41ff-aa95-826ac191da8b}</UniqueIdentifier>
    </Filter>
  </ItemGroup>
  <ItemGroup>
    <ClInclude Include="..\..\DDE\csvfile.h">
      <Filter>DDE</Filter>
    </ClInclude>
    <ClInclude Include="..\..\DDE\DDE.h">
      <Filter>DDE</Filter>
    </ClInclude>
    <ClInclude Include="..\..\DDE\DDE_EVLOG.h">
      <Filter>DDE</Filter>
    </ClInclude>
    <ClInclude Include="..\..\DDE\DDE_EVLOG_TYPES.h">
      <Filter>DDE</Filter>
    </ClInclude>
    <ClInclude Include="..\..\DDE\DDE_OSC.h">
      <Filter>DDE</Filter>
    </ClInclude>
    <ClInclude Include="..\..\DDE\DDE_OSC_EMUL.h">
      <Filter>DDE</Filter>
    </ClInclude>
    <ClInclude Include="..\..\DDE\DDE_OSC_FILE.h">
      <Filter>DDE</Filter>
    </ClInclude>
    <ClInclude Include="..\..\DDE\DDE_OSC_TYPES.h">
      <Filter>DDE</Filter>
    </ClInclude>
    <ClInclude Include="..\..\DDE\DDE_PARAMS.h">
      <Filter>DDE</Filter>
    </ClInclude>
    <ClInclude Include="..\..\DDE\DDE_PARAMS_TYPE.h">
      <Filter>DDE</Filter>
    </ClInclude>
    <ClInclude Include="..\..\DDE\DDE_TYPES.h">
      <Filter>DDE</Filter>
    </ClInclude>
    <ClInclude Include="..\..\DDE\cpp_inc.h">
      <Filter>DDE</Filter>
    </ClInclude>
    <ClInclude Include="..\..\utils\IPCmemLib\ipcmem.h">
      <Filter>utils</Filter>
    </ClInclude>
    <ClInclude Include="..\..\utils\IPCmemLib\ipcmem_lib.h">
      <Filter>utils</Filter>
    </ClInclude>
    <ClInclude Include="..\..\utils\SQLite3Lib\sqlite3_lib.h">
      <Filter>utils</Filter>
    </ClInclude>
    <ClInclude Include="..\..\utils\clogs\func.h">
      <Filter>utils</Filter>
    </ClInclude>
    <ClInclude Include="..\..\utils\clogs\inc.h">
      <Filter>utils</Filter>
    </ClInclude>
  </ItemGroup>
</Project>